// !$*UTF8*$!
{
	archiveVersion = 1;
	classes = {
	};
	objectVersion = 46;
	objects = {

/* Begin PBXBuildFile section */
		84363A5317A8A14F00B7E3AC /* UIView+UIView_FindAndResignFirstResponder.m in Sources */ = {isa = PBXBuildFile; fileRef = 84363A5217A8A14F00B7E3AC /* UIView+UIView_FindAndResignFirstResponder.m */; };
		84DCFA9717A75983008594AD /* UIKit.framework in Frameworks */ = {isa = PBXBuildFile; fileRef = 84DCFA9617A75983008594AD /* UIKit.framework */; };
		84DCFA9917A75983008594AD /* Foundation.framework in Frameworks */ = {isa = PBXBuildFile; fileRef = 84DCFA9817A75983008594AD /* Foundation.framework */; };
		84DCFA9B17A75983008594AD /* CoreGraphics.framework in Frameworks */ = {isa = PBXBuildFile; fileRef = 84DCFA9A17A75983008594AD /* CoreGraphics.framework */; };
		84DCFAA117A75983008594AD /* InfoPlist.strings in Resources */ = {isa = PBXBuildFile; fileRef = 84DCFA9F17A75983008594AD /* InfoPlist.strings */; };
		84DCFAA317A75983008594AD /* main.m in Sources */ = {isa = PBXBuildFile; fileRef = 84DCFAA217A75983008594AD /* main.m */; };
		84DCFAA717A75983008594AD /* AppDelegate.m in Sources */ = {isa = PBXBuildFile; fileRef = 84DCFAA617A75983008594AD /* AppDelegate.m */; };
		84DCFAA917A75983008594AD /* Default.png in Resources */ = {isa = PBXBuildFile; fileRef = 84DCFAA817A75983008594AD /* Default.png */; };
		84DCFAAB17A75983008594AD /* Default@2x.png in Resources */ = {isa = PBXBuildFile; fileRef = 84DCFAAA17A75983008594AD /* Default@2x.png */; };
		84DCFAAD17A75983008594AD /* Default-568h@2x.png in Resources */ = {isa = PBXBuildFile; fileRef = 84DCFAAC17A75983008594AD /* Default-568h@2x.png */; };
		84DCFAB517A75984008594AD /* SenTestingKit.framework in Frameworks */ = {isa = PBXBuildFile; fileRef = 84DCFAB417A75984008594AD /* SenTestingKit.framework */; };
		84DCFAB617A75984008594AD /* UIKit.framework in Frameworks */ = {isa = PBXBuildFile; fileRef = 84DCFA9617A75983008594AD /* UIKit.framework */; };
		84DCFAB717A75984008594AD /* Foundation.framework in Frameworks */ = {isa = PBXBuildFile; fileRef = 84DCFA9817A75983008594AD /* Foundation.framework */; };
		84DCFABF17A75984008594AD /* InfoPlist.strings in Resources */ = {isa = PBXBuildFile; fileRef = 84DCFABD17A75984008594AD /* InfoPlist.strings */; };
		84DCFAC217A75984008594AD /* SlideViewTests.m in Sources */ = {isa = PBXBuildFile; fileRef = 84DCFAC117A75984008594AD /* SlideViewTests.m */; };
		84DCFAD617A75E92008594AD /* MyViewController.m in Sources */ = {isa = PBXBuildFile; fileRef = 84DCFAD417A75E92008594AD /* MyViewController.m */; };
		84DCFAD717A75E92008594AD /* MyViewController.xib in Resources */ = {isa = PBXBuildFile; fileRef = 84DCFAD517A75E92008594AD /* MyViewController.xib */; };
		84DCFAF917A76800008594AD /* TabViewController.m in Sources */ = {isa = PBXBuildFile; fileRef = 84DCFAF717A76800008594AD /* TabViewController.m */; };
		84DCFAFA17A76800008594AD /* TabViewController.xib in Resources */ = {isa = PBXBuildFile; fileRef = 84DCFAF817A76800008594AD /* TabViewController.xib */; };
		84DCFB1017A7708F008594AD /* material_center_decoration.png in Resources */ = {isa = PBXBuildFile; fileRef = 84DCFAFC17A7708F008594AD /* material_center_decoration.png */; };
		84DCFB1117A7708F008594AD /* material_center_decoration@2x.png in Resources */ = {isa = PBXBuildFile; fileRef = 84DCFAFD17A7708F008594AD /* material_center_decoration@2x.png */; };
		84DCFB1217A7708F008594AD /* material_center_photo_frame.png in Resources */ = {isa = PBXBuildFile; fileRef = 84DCFAFE17A7708F008594AD /* material_center_photo_frame.png */; };
		84DCFB1317A7708F008594AD /* material_center_photo_frame@2x.png in Resources */ = {isa = PBXBuildFile; fileRef = 84DCFAFF17A7708F008594AD /* material_center_photo_frame@2x.png */; };
		84DCFB1417A7708F008594AD /* material_center_decoration_highlight.png in Resources */ = {isa = PBXBuildFile; fileRef = 84DCFB0017A7708F008594AD /* material_center_decoration_highlight.png */; };
		84DCFB1517A7708F008594AD /* material_center_decoration_highlight@2x.png in Resources */ = {isa = PBXBuildFile; fileRef = 84DCFB0117A7708F008594AD /* material_center_decoration_highlight@2x.png */; };
		84DCFB1617A7708F008594AD /* material_center_suit_highlight.png in Resources */ = {isa = PBXBuildFile; fileRef = 84DCFB0217A7708F008594AD /* material_center_suit_highlight.png */; };
		84DCFB1717A7708F008594AD /* material_center_suit_highlight@2x.png in Resources */ = {isa = PBXBuildFile; fileRef = 84DCFB0317A7708F008594AD /* material_center_suit_highlight@2x.png */; };
		84DCFB1817A7708F008594AD /* material_center_suit.png in Resources */ = {isa = PBXBuildFile; fileRef = 84DCFB0417A7708F008594AD /* material_center_suit.png */; };
		84DCFB1917A7708F008594AD /* material_center_suit@2x.png in Resources */ = {isa = PBXBuildFile; fileRef = 84DCFB0517A7708F008594AD /* material_center_suit@2x.png */; };
		84DCFB1A17A7708F008594AD /* material_center_photo_frame_highlight.png in Resources */ = {isa = PBXBuildFile; fileRef = 84DCFB0617A7708F008594AD /* material_center_photo_frame_highlight.png */; };
		84DCFB1B17A7708F008594AD /* material_center_photo_frame_highlight@2x.png in Resources */ = {isa = PBXBuildFile; fileRef = 84DCFB0717A7708F008594AD /* material_center_photo_frame_highlight@2x.png */; };
		84DCFB1C17A7708F008594AD /* material_center_bottom_bg.png in Resources */ = {isa = PBXBuildFile; fileRef = 84DCFB0817A7708F008594AD /* material_center_bottom_bg.png */; };
		84DCFB1D17A7708F008594AD /* material_center_bottom_bg@2x.png in Resources */ = {isa = PBXBuildFile; fileRef = 84DCFB0917A7708F008594AD /* material_center_bottom_bg@2x.png */; };
		84DCFB1E17A7708F008594AD /* material_center_bottom_button_selected_bg.png in Resources */ = {isa = PBXBuildFile; fileRef = 84DCFB0A17A7708F008594AD /* material_center_bottom_button_selected_bg.png */; };
		84DCFB1F17A7708F008594AD /* material_center_bottom_button_selected_bg@2x.png in Resources */ = {isa = PBXBuildFile; fileRef = 84DCFB0B17A7708F008594AD /* material_center_bottom_button_selected_bg@2x.png */; };
		84DCFB2017A7708F008594AD /* material_center_smart_item_highlight.png in Resources */ = {isa = PBXBuildFile; fileRef = 84DCFB0C17A7708F008594AD /* material_center_smart_item_highlight.png */; };
		84DCFB2117A7708F008594AD /* material_center_smart_item_highlight@2x.png in Resources */ = {isa = PBXBuildFile; fileRef = 84DCFB0D17A7708F008594AD /* material_center_smart_item_highlight@2x.png */; };
		84DCFB2217A7708F008594AD /* material_center_smart_item.png in Resources */ = {isa = PBXBuildFile; fileRef = 84DCFB0E17A7708F008594AD /* material_center_smart_item.png */; };
		84DCFB2317A7708F008594AD /* material_center_smart_item@2x.png in Resources */ = {isa = PBXBuildFile; fileRef = 84DCFB0F17A7708F008594AD /* material_center_smart_item@2x.png */; };
		84DCFB2817A79831008594AD /* Content1ViewController.m in Sources */ = {isa = PBXBuildFile; fileRef = 84DCFB2617A79831008594AD /* Content1ViewController.m */; };
		84DCFB2917A79831008594AD /* Content1ViewController.xib in Resources */ = {isa = PBXBuildFile; fileRef = 84DCFB2717A79831008594AD /* Content1ViewController.xib */; };
		84DCFB2D17A7983A008594AD /* Content2ViewController.m in Sources */ = {isa = PBXBuildFile; fileRef = 84DCFB2B17A7983A008594AD /* Content2ViewController.m */; };
		84DCFB2E17A7983A008594AD /* Content2ViewController.xib in Resources */ = {isa = PBXBuildFile; fileRef = 84DCFB2C17A7983A008594AD /* Content2ViewController.xib */; };
		84DCFB3917A7AB48008594AD /* ScrollTabViewController.m in Sources */ = {isa = PBXBuildFile; fileRef = 84DCFB3717A7AB48008594AD /* ScrollTabViewController.m */; };
		84DCFB3A17A7AB48008594AD /* ScrollTabViewController.xib in Resources */ = {isa = PBXBuildFile; fileRef = 84DCFB3817A7AB48008594AD /* ScrollTabViewController.xib */; };
/* End PBXBuildFile section */

/* Begin PBXContainerItemProxy section */
		84DCFAB817A75984008594AD /* PBXContainerItemProxy */ = {
			isa = PBXContainerItemProxy;
			containerPortal = 84DCFA8917A75983008594AD /* Project object */;
			proxyType = 1;
			remoteGlobalIDString = 84DCFA9117A75983008594AD;
			remoteInfo = SlideView;
		};
/* End PBXContainerItemProxy section */

/* Begin PBXFileReference section */
		84363A5117A8A14F00B7E3AC /* UIView+UIView_FindAndResignFirstResponder.h */ = {isa = PBXFileReference; fileEncoding = 4; lastKnownFileType = sourcecode.c.h; path = "UIView+UIView_FindAndResignFirstResponder.h"; sourceTree = "<group>"; };
		84363A5217A8A14F00B7E3AC /* UIView+UIView_FindAndResignFirstResponder.m */ = {isa = PBXFileReference; fileEncoding = 4; lastKnownFileType = sourcecode.c.objc; path = "UIView+UIView_FindAndResignFirstResponder.m"; sourceTree = "<group>"; };
		84DCFA9217A75983008594AD /* SlideView.app */ = {isa = PBXFileReference; explicitFileType = wrapper.application; includeInIndex = 0; path = SlideView.app; sourceTree = BUILT_PRODUCTS_DIR; };
		84DCFA9617A75983008594AD /* UIKit.framework */ = {isa = PBXFileReference; lastKnownFileType = wrapper.framework; name = UIKit.framework; path = System/Library/Frameworks/UIKit.framework; sourceTree = SDKROOT; };
		84DCFA9817A75983008594AD /* Foundation.framework */ = {isa = PBXFileReference; lastKnownFileType = wrapper.framework; name = Foundation.framework; path = System/Library/Frameworks/Foundation.framework; sourceTree = SDKROOT; };
		84DCFA9A17A75983008594AD /* CoreGraphics.framework */ = {isa = PBXFileReference; lastKnownFileType = wrapper.framework; name = CoreGraphics.framework; path = System/Library/Frameworks/CoreGraphics.framework; sourceTree = SDKROOT; };
		84DCFA9E17A75983008594AD /* SlideView-Info.plist */ = {isa = PBXFileReference; lastKnownFileType = text.plist.xml; path = "SlideView-Info.plist"; sourceTree = "<group>"; };
		84DCFAA017A75983008594AD /* en */ = {isa = PBXFileReference; lastKnownFileType = text.plist.strings; name = en; path = en.lproj/InfoPlist.strings; sourceTree = "<group>"; };
		84DCFAA217A75983008594AD /* main.m */ = {isa = PBXFileReference; lastKnownFileType = sourcecode.c.objc; path = main.m; sourceTree = "<group>"; };
		84DCFAA417A75983008594AD /* SlideView-Prefix.pch */ = {isa = PBXFileReference; lastKnownFileType = sourcecode.c.h; path = "SlideView-Prefix.pch"; sourceTree = "<group>"; };
		84DCFAA517A75983008594AD /* AppDelegate.h */ = {isa = PBXFileReference; lastKnownFileType = sourcecode.c.h; path = AppDelegate.h; sourceTree = "<group>"; };
		84DCFAA617A75983008594AD /* AppDelegate.m */ = {isa = PBXFileReference; lastKnownFileType = sourcecode.c.objc; path = AppDelegate.m; sourceTree = "<group>"; };
		84DCFAA817A75983008594AD /* Default.png */ = {isa = PBXFileReference; lastKnownFileType = image.png; path = Default.png; sourceTree = "<group>"; };
		84DCFAAA17A75983008594AD /* Default@2x.png */ = {isa = PBXFileReference; lastKnownFileType = image.png; path = "Default@2x.png"; sourceTree = "<group>"; };
		84DCFAAC17A75983008594AD /* Default-568h@2x.png */ = {isa = PBXFileReference; lastKnownFileType = image.png; path = "Default-568h@2x.png"; sourceTree = "<group>"; };
		84DCFAB317A75984008594AD /* SlideViewTests.octest */ = {isa = PBXFileReference; explicitFileType = wrapper.cfbundle; includeInIndex = 0; path = SlideViewTests.octest; sourceTree = BUILT_PRODUCTS_DIR; };
		84DCFAB417A75984008594AD /* SenTestingKit.framework */ = {isa = PBXFileReference; lastKnownFileType = wrapper.framework; name = SenTestingKit.framework; path = Library/Frameworks/SenTestingKit.framework; sourceTree = DEVELOPER_DIR; };
		84DCFABC17A75984008594AD /* SlideViewTests-Info.plist */ = {isa = PBXFileReference; lastKnownFileType = text.plist.xml; path = "SlideViewTests-Info.plist"; sourceTree = "<group>"; };
		84DCFABE17A75984008594AD /* en */ = {isa = PBXFileReference; lastKnownFileType = text.plist.strings; name = en; path = en.lproj/InfoPlist.strings; sourceTree = "<group>"; };
		84DCFAC017A75984008594AD /* SlideViewTests.h */ = {isa = PBXFileReference; lastKnownFileType = sourcecode.c.h; path = SlideViewTests.h; sourceTree = "<group>"; };
		84DCFAC117A75984008594AD /* SlideViewTests.m */ = {isa = PBXFileReference; lastKnownFileType = sourcecode.c.objc; path = SlideViewTests.m; sourceTree = "<group>"; };
		84DCFAD317A75E92008594AD /* MyViewController.h */ = {isa = PBXFileReference; fileEncoding = 4; lastKnownFileType = sourcecode.c.h; name = MyViewController.h; path = ../MyViewController.h; sourceTree = "<group>"; };
		84DCFAD417A75E92008594AD /* MyViewController.m */ = {isa = PBXFileReference; fileEncoding = 4; lastKnownFileType = sourcecode.c.objc; name = MyViewController.m; path = ../MyViewController.m; sourceTree = "<group>"; };
		84DCFAD517A75E92008594AD /* MyViewController.xib */ = {isa = PBXFileReference; fileEncoding = 4; lastKnownFileType = file.xib; name = MyViewController.xib; path = ../MyViewController.xib; sourceTree = "<group>"; };
		84DCFAF617A76800008594AD /* TabViewController.h */ = {isa = PBXFileReference; fileEncoding = 4; lastKnownFileType = sourcecode.c.h; path = TabViewController.h; sourceTree = "<group>"; };
		84DCFAF717A76800008594AD /* TabViewController.m */ = {isa = PBXFileReference; fileEncoding = 4; lastKnownFileType = sourcecode.c.objc; path = TabViewController.m; sourceTree = "<group>"; };
		84DCFAF817A76800008594AD /* TabViewController.xib */ = {isa = PBXFileReference; fileEncoding = 4; lastKnownFileType = file.xib; path = TabViewController.xib; sourceTree = "<group>"; };
		84DCFAFC17A7708F008594AD /* material_center_decoration.png */ = {isa = PBXFileReference; lastKnownFileType = image.png; path = material_center_decoration.png; sourceTree = "<group>"; };
		84DCFAFD17A7708F008594AD /* material_center_decoration@2x.png */ = {isa = PBXFileReference; lastKnownFileType = image.png; path = "material_center_decoration@2x.png"; sourceTree = "<group>"; };
		84DCFAFE17A7708F008594AD /* material_center_photo_frame.png */ = {isa = PBXFileReference; lastKnownFileType = image.png; path = material_center_photo_frame.png; sourceTree = "<group>"; };
		84DCFAFF17A7708F008594AD /* material_center_photo_frame@2x.png */ = {isa = PBXFileReference; lastKnownFileType = image.png; path = "material_center_photo_frame@2x.png"; sourceTree = "<group>"; };
		84DCFB0017A7708F008594AD /* material_center_decoration_highlight.png */ = {isa = PBXFileReference; lastKnownFileType = image.png; path = material_center_decoration_highlight.png; sourceTree = "<group>"; };
		84DCFB0117A7708F008594AD /* material_center_decoration_highlight@2x.png */ = {isa = PBXFileReference; lastKnownFileType = image.png; path = "material_center_decoration_highlight@2x.png"; sourceTree = "<group>"; };
		84DCFB0217A7708F008594AD /* material_center_suit_highlight.png */ = {isa = PBXFileReference; lastKnownFileType = image.png; path = material_center_suit_highlight.png; sourceTree = "<group>"; };
		84DCFB0317A7708F008594AD /* material_center_suit_highlight@2x.png */ = {isa = PBXFileReference; lastKnownFileType = image.png; path = "material_center_suit_highlight@2x.png"; sourceTree = "<group>"; };
		84DCFB0417A7708F008594AD /* material_center_suit.png */ = {isa = PBXFileReference; lastKnownFileType = image.png; path = material_center_suit.png; sourceTree = "<group>"; };
		84DCFB0517A7708F008594AD /* material_center_suit@2x.png */ = {isa = PBXFileReference; lastKnownFileType = image.png; path = "material_center_suit@2x.png"; sourceTree = "<group>"; };
		84DCFB0617A7708F008594AD /* material_center_photo_frame_highlight.png */ = {isa = PBXFileReference; lastKnownFileType = image.png; path = material_center_photo_frame_highlight.png; sourceTree = "<group>"; };
		84DCFB0717A7708F008594AD /* material_center_photo_frame_highlight@2x.png */ = {isa = PBXFileReference; lastKnownFileType = image.png; path = "material_center_photo_frame_highlight@2x.png"; sourceTree = "<group>"; };
		84DCFB0817A7708F008594AD /* material_center_bottom_bg.png */ = {isa = PBXFileReference; lastKnownFileType = image.png; path = material_center_bottom_bg.png; sourceTree = "<group>"; };
		84DCFB0917A7708F008594AD /* material_center_bottom_bg@2x.png */ = {isa = PBXFileReference; lastKnownFileType = image.png; path = "material_center_bottom_bg@2x.png"; sourceTree = "<group>"; };
		84DCFB0A17A7708F008594AD /* material_center_bottom_button_selected_bg.png */ = {isa = PBXFileReference; lastKnownFileType = image.png; path = material_center_bottom_button_selected_bg.png; sourceTree = "<group>"; };
		84DCFB0B17A7708F008594AD /* material_center_bottom_button_selected_bg@2x.png */ = {isa = PBXFileReference; lastKnownFileType = image.png; path = "material_center_bottom_button_selected_bg@2x.png"; sourceTree = "<group>"; };
		84DCFB0C17A7708F008594AD /* material_center_smart_item_highlight.png */ = {isa = PBXFileReference; lastKnownFileType = image.png; path = material_center_smart_item_highlight.png; sourceTree = "<group>"; };
		84DCFB0D17A7708F008594AD /* material_center_smart_item_highlight@2x.png */ = {isa = PBXFileReference; lastKnownFileType = image.png; path = "material_center_smart_item_highlight@2x.png"; sourceTree = "<group>"; };
		84DCFB0E17A7708F008594AD /* material_center_smart_item.png */ = {isa = PBXFileReference; lastKnownFileType = image.png; path = material_center_smart_item.png; sourceTree = "<group>"; };
		84DCFB0F17A7708F008594AD /* material_center_smart_item@2x.png */ = {isa = PBXFileReference; lastKnownFileType = image.png; path = "material_center_smart_item@2x.png"; sourceTree = "<group>"; };
		84DCFB2517A79831008594AD /* Content1ViewController.h */ = {isa = PBXFileReference; fileEncoding = 4; lastKnownFileType = sourcecode.c.h; path = Content1ViewController.h; sourceTree = "<group>"; };
		84DCFB2617A79831008594AD /* Content1ViewController.m */ = {isa = PBXFileReference; fileEncoding = 4; lastKnownFileType = sourcecode.c.objc; path = Content1ViewController.m; sourceTree = "<group>"; };
		84DCFB2717A79831008594AD /* Content1ViewController.xib */ = {isa = PBXFileReference; fileEncoding = 4; lastKnownFileType = file.xib; path = Content1ViewController.xib; sourceTree = "<group>"; };
		84DCFB2A17A7983A008594AD /* Content2ViewController.h */ = {isa = PBXFileReference; fileEncoding = 4; lastKnownFileType = sourcecode.c.h; path = Content2ViewController.h; sourceTree = "<group>"; };
		84DCFB2B17A7983A008594AD /* Content2ViewController.m */ = {isa = PBXFileReference; fileEncoding = 4; lastKnownFileType = sourcecode.c.objc; path = Content2ViewController.m; sourceTree = "<group>"; };
		84DCFB2C17A7983A008594AD /* Content2ViewController.xib */ = {isa = PBXFileReference; fileEncoding = 4; lastKnownFileType = file.xib; path = Content2ViewController.xib; sourceTree = "<group>"; };
		84DCFB3617A7AB48008594AD /* ScrollTabViewController.h */ = {isa = PBXFileReference; fileEncoding = 4; lastKnownFileType = sourcecode.c.h; path = ScrollTabViewController.h; sourceTree = "<group>"; };
		84DCFB3717A7AB48008594AD /* ScrollTabViewController.m */ = {isa = PBXFileReference; fileEncoding = 4; lastKnownFileType = sourcecode.c.objc; path = ScrollTabViewController.m; sourceTree = "<group>"; };
		84DCFB3817A7AB48008594AD /* ScrollTabViewController.xib */ = {isa = PBXFileReference; fileEncoding = 4; lastKnownFileType = file.xib; path = ScrollTabViewController.xib; sourceTree = "<group>"; };
/* End PBXFileReference section */

/* Begin PBXFrameworksBuildPhase section */
		84DCFA8F17A75983008594AD /* Frameworks */ = {
			isa = PBXFrameworksBuildPhase;
			buildActionMask = 2147483647;
			files = (
				84DCFA9717A75983008594AD /* UIKit.framework in Frameworks */,
				84DCFA9917A75983008594AD /* Foundation.framework in Frameworks */,
				84DCFA9B17A75983008594AD /* CoreGraphics.framework in Frameworks */,
			);
			runOnlyForDeploymentPostprocessing = 0;
		};
		84DCFAAF17A75983008594AD /* Frameworks */ = {
			isa = PBXFrameworksBuildPhase;
			buildActionMask = 2147483647;
			files = (
				84DCFAB517A75984008594AD /* SenTestingKit.framework in Frameworks */,
				84DCFAB617A75984008594AD /* UIKit.framework in Frameworks */,
				84DCFAB717A75984008594AD /* Foundation.framework in Frameworks */,
			);
			runOnlyForDeploymentPostprocessing = 0;
		};
/* End PBXFrameworksBuildPhase section */

/* Begin PBXGroup section */
		841C8C0E17AA084B004BC324 /* WXScrollTabViewController */ = {
			isa = PBXGroup;
			children = (
			);
			name = WXScrollTabViewController;
			sourceTree = "<group>";
		};
		84DCFA8717A75983008594AD = {
			isa = PBXGroup;
			children = (
				84DCFAFB17A76F3F008594AD /* Resources */,
				84DCFAD917A76121008594AD /* ToolBar */,
				84DCFA9C17A75983008594AD /* SlideView */,
				84DCFABA17A75984008594AD /* SlideViewTests */,
				84DCFA9517A75983008594AD /* Frameworks */,
				84DCFA9317A75983008594AD /* Products */,
			);
			sourceTree = "<group>";
		};
		84DCFA9317A75983008594AD /* Products */ = {
			isa = PBXGroup;
			children = (
				84DCFA9217A75983008594AD /* SlideView.app */,
				84DCFAB317A75984008594AD /* SlideViewTests.octest */,
			);
			name = Products;
			sourceTree = "<group>";
		};
		84DCFA9517A75983008594AD /* Frameworks */ = {
			isa = PBXGroup;
			children = (
				84DCFA9617A75983008594AD /* UIKit.framework */,
				84DCFA9817A75983008594AD /* Foundation.framework */,
				84DCFA9A17A75983008594AD /* CoreGraphics.framework */,
				84DCFAB417A75984008594AD /* SenTestingKit.framework */,
			);
			name = Frameworks;
			sourceTree = "<group>";
		};
		84DCFA9C17A75983008594AD /* SlideView */ = {
			isa = PBXGroup;
			children = (
				84DCFAD317A75E92008594AD /* MyViewController.h */,
				84DCFAD417A75E92008594AD /* MyViewController.m */,
				84DCFAD517A75E92008594AD /* MyViewController.xib */,
				84DCFAA517A75983008594AD /* AppDelegate.h */,
				84DCFAA617A75983008594AD /* AppDelegate.m */,
				84DCFA9D17A75983008594AD /* Supporting Files */,
			);
			path = SlideView;
			sourceTree = "<group>";
		};
		84DCFA9D17A75983008594AD /* Supporting Files */ = {
			isa = PBXGroup;
			children = (
				84DCFA9E17A75983008594AD /* SlideView-Info.plist */,
				84DCFA9F17A75983008594AD /* InfoPlist.strings */,
				84DCFAA217A75983008594AD /* main.m */,
				84DCFAA417A75983008594AD /* SlideView-Prefix.pch */,
				84DCFAA817A75983008594AD /* Default.png */,
				84DCFAAA17A75983008594AD /* Default@2x.png */,
				84DCFAAC17A75983008594AD /* Default-568h@2x.png */,
			);
			name = "Supporting Files";
			sourceTree = "<group>";
		};
		84DCFABA17A75984008594AD /* SlideViewTests */ = {
			isa = PBXGroup;
			children = (
				84DCFAC017A75984008594AD /* SlideViewTests.h */,
				84DCFAC117A75984008594AD /* SlideViewTests.m */,
				84DCFABB17A75984008594AD /* Supporting Files */,
			);
			path = SlideViewTests;
			sourceTree = "<group>";
		};
		84DCFABB17A75984008594AD /* Supporting Files */ = {
			isa = PBXGroup;
			children = (
				84DCFABC17A75984008594AD /* SlideViewTests-Info.plist */,
				84DCFABD17A75984008594AD /* InfoPlist.strings */,
			);
			name = "Supporting Files";
			sourceTree = "<group>";
		};
		84DCFAD917A76121008594AD /* ToolBar */ = {
			isa = PBXGroup;
			children = (
				841C8C0E17AA084B004BC324 /* WXScrollTabViewController */,
				84DCFB2F17A7A51C008594AD /* ScrollTabViewController */,
				84DCFB2417A7978C008594AD /* ContentViewController */,
				84DCFAF617A76800008594AD /* TabViewController.h */,
				84DCFAF717A76800008594AD /* TabViewController.m */,
				84DCFAF817A76800008594AD /* TabViewController.xib */,
			);
			name = ToolBar;
			sourceTree = "<group>";
		};
		84DCFAFB17A76F3F008594AD /* Resources */ = {
			isa = PBXGroup;
			children = (
				84DCFAFC17A7708F008594AD /* material_center_decoration.png */,
				84DCFAFD17A7708F008594AD /* material_center_decoration@2x.png */,
				84DCFAFE17A7708F008594AD /* material_center_photo_frame.png */,
				84DCFAFF17A7708F008594AD /* material_center_photo_frame@2x.png */,
				84DCFB0017A7708F008594AD /* material_center_decoration_highlight.png */,
				84DCFB0117A7708F008594AD /* material_center_decoration_highlight@2x.png */,
				84DCFB0217A7708F008594AD /* material_center_suit_highlight.png */,
				84DCFB0317A7708F008594AD /* material_center_suit_highlight@2x.png */,
				84DCFB0417A7708F008594AD /* material_center_suit.png */,
				84DCFB0517A7708F008594AD /* material_center_suit@2x.png */,
				84DCFB0617A7708F008594AD /* material_center_photo_frame_highlight.png */,
				84DCFB0717A7708F008594AD /* material_center_photo_frame_highlight@2x.png */,
				84DCFB0817A7708F008594AD /* material_center_bottom_bg.png */,
				84DCFB0917A7708F008594AD /* material_center_bottom_bg@2x.png */,
				84DCFB0A17A7708F008594AD /* material_center_bottom_button_selected_bg.png */,
				84DCFB0B17A7708F008594AD /* material_center_bottom_button_selected_bg@2x.png */,
				84DCFB0C17A7708F008594AD /* material_center_smart_item_highlight.png */,
				84DCFB0D17A7708F008594AD /* material_center_smart_item_highlight@2x.png */,
				84DCFB0E17A7708F008594AD /* material_center_smart_item.png */,
				84DCFB0F17A7708F008594AD /* material_center_smart_item@2x.png */,
			);
			name = Resources;
			sourceTree = "<group>";
		};
		84DCFB2417A7978C008594AD /* ContentViewController */ = {
			isa = PBXGroup;
			children = (
				84DCFB2517A79831008594AD /* Content1ViewController.h */,
				84DCFB2617A79831008594AD /* Content1ViewController.m */,
				84DCFB2717A79831008594AD /* Content1ViewController.xib */,
				84DCFB2A17A7983A008594AD /* Content2ViewController.h */,
				84DCFB2B17A7983A008594AD /* Content2ViewController.m */,
				84DCFB2C17A7983A008594AD /* Content2ViewController.xib */,
			);
			name = ContentViewController;
			sourceTree = "<group>";
		};
		84DCFB2F17A7A51C008594AD /* ScrollTabViewController */ = {
			isa = PBXGroup;
			children = (
				84DCFB3617A7AB48008594AD /* ScrollTabViewController.h */,
				84DCFB3717A7AB48008594AD /* ScrollTabViewController.m */,
				84DCFB3817A7AB48008594AD /* ScrollTabViewController.xib */,
				84363A5117A8A14F00B7E3AC /* UIView+UIView_FindAndResignFirstResponder.h */,
				84363A5217A8A14F00B7E3AC /* UIView+UIView_FindAndResignFirstResponder.m */,
			);
			name = ScrollTabViewController;
			sourceTree = "<group>";
		};
/* End PBXGroup section */

/* Begin PBXNativeTarget section */
		84DCFA9117A75983008594AD /* SlideView */ = {
			isa = PBXNativeTarget;
			buildConfigurationList = 84DCFAC517A75984008594AD /* Build configuration list for PBXNativeTarget "SlideView" */;
			buildPhases = (
				84DCFA8E17A75983008594AD /* Sources */,
				84DCFA8F17A75983008594AD /* Frameworks */,
				84DCFA9017A75983008594AD /* Resources */,
			);
			buildRules = (
			);
			dependencies = (
			);
			name = SlideView;
			productName = SlideView;
			productReference = 84DCFA9217A75983008594AD /* SlideView.app */;
			productType = "com.apple.product-type.application";
		};
		84DCFAB217A75983008594AD /* SlideViewTests */ = {
			isa = PBXNativeTarget;
			buildConfigurationList = 84DCFAC817A75984008594AD /* Build configuration list for PBXNativeTarget "SlideViewTests" */;
			buildPhases = (
				84DCFAAE17A75983008594AD /* Sources */,
				84DCFAAF17A75983008594AD /* Frameworks */,
				84DCFAB017A75983008594AD /* Resources */,
				84DCFAB117A75983008594AD /* ShellScript */,
			);
			buildRules = (
			);
			dependencies = (
				84DCFAB917A75984008594AD /* PBXTargetDependency */,
			);
			name = SlideViewTests;
			productName = SlideViewTests;
			productReference = 84DCFAB317A75984008594AD /* SlideViewTests.octest */;
			productType = "com.apple.product-type.bundle";
		};
/* End PBXNativeTarget section */

/* Begin PBXProject section */
		84DCFA8917A75983008594AD /* Project object */ = {
			isa = PBXProject;
			attributes = {
				LastUpgradeCheck = 0450;
				ORGANIZATIONNAME = wesleyxiao;
			};
			buildConfigurationList = 84DCFA8C17A75983008594AD /* Build configuration list for PBXProject "SlideView" */;
			compatibilityVersion = "Xcode 3.2";
			developmentRegion = English;
			hasScannedForEncodings = 0;
			knownRegions = (
				en,
			);
			mainGroup = 84DCFA8717A75983008594AD;
			productRefGroup = 84DCFA9317A75983008594AD /* Products */;
			projectDirPath = "";
			projectRoot = "";
			targets = (
				84DCFA9117A75983008594AD /* SlideView */,
				84DCFAB217A75983008594AD /* SlideViewTests */,
			);
		};
/* End PBXProject section */

/* Begin PBXResourcesBuildPhase section */
		84DCFA9017A75983008594AD /* Resources */ = {
			isa = PBXResourcesBuildPhase;
			buildActionMask = 2147483647;
			files = (
				84DCFAA117A75983008594AD /* InfoPlist.strings in Resources */,
				84DCFAA917A75983008594AD /* Default.png in Resources */,
				84DCFAAB17A75983008594AD /* Default@2x.png in Resources */,
				84DCFAAD17A75983008594AD /* Default-568h@2x.png in Resources */,
				84DCFAD717A75E92008594AD /* MyViewController.xib in Resources */,
				84DCFAFA17A76800008594AD /* TabViewController.xib in Resources */,
				84DCFB1017A7708F008594AD /* material_center_decoration.png in Resources */,
				84DCFB1117A7708F008594AD /* material_center_decoration@2x.png in Resources */,
				84DCFB1217A7708F008594AD /* material_center_photo_frame.png in Resources */,
				84DCFB1317A7708F008594AD /* material_center_photo_frame@2x.png in Resources */,
				84DCFB1417A7708F008594AD /* material_center_decoration_highlight.png in Resources */,
				84DCFB1517A7708F008594AD /* material_center_decoration_highlight@2x.png in Resources */,
				84DCFB1617A7708F008594AD /* material_center_suit_highlight.png in Resources */,
				84DCFB1717A7708F008594AD /* material_center_suit_highlight@2x.png in Resources */,
				84DCFB1817A7708F008594AD /* material_center_suit.png in Resources */,
				84DCFB1917A7708F008594AD /* material_center_suit@2x.png in Resources */,
				84DCFB1A17A7708F008594AD /* material_center_photo_frame_highlight.png in Resources */,
				84DCFB1B17A7708F008594AD /* material_center_photo_frame_highlight@2x.png in Resources */,
				84DCFB1C17A7708F008594AD /* material_center_bottom_bg.png in Resources */,
				84DCFB1D17A7708F008594AD /* material_center_bottom_bg@2x.png in Resources */,
				84DCFB1E17A7708F008594AD /* material_center_bottom_button_selected_bg.png in Resources */,
				84DCFB1F17A7708F008594AD /* material_center_bottom_button_selected_bg@2x.png in Resources */,
				84DCFB2017A7708F008594AD /* material_center_smart_item_highlight.png in Resources */,
				84DCFB2117A7708F008594AD /* material_center_smart_item_highlight@2x.png in Resources */,
				84DCFB2217A7708F008594AD /* material_center_smart_item.png in Resources */,
				84DCFB2317A7708F008594AD /* material_center_smart_item@2x.png in Resources */,
				84DCFB2917A79831008594AD /* Content1ViewController.xib in Resources */,
				84DCFB2E17A7983A008594AD /* Content2ViewController.xib in Resources */,
				84DCFB3A17A7AB48008594AD /* ScrollTabViewController.xib in Resources */,
			);
			runOnlyForDeploymentPostprocessing = 0;
		};
		84DCFAB017A75983008594AD /* Resources */ = {
			isa = PBXResourcesBuildPhase;
			buildActionMask = 2147483647;
			files = (
				84DCFABF17A75984008594AD /* InfoPlist.strings in Resources */,
			);
			runOnlyForDeploymentPostprocessing = 0;
		};
/* End PBXResourcesBuildPhase section */

/* Begin PBXShellScriptBuildPhase section */
		84DCFAB117A75983008594AD /* ShellScript */ = {
			isa = PBXShellScriptBuildPhase;
			buildActionMask = 2147483647;
			files = (
			);
			inputPaths = (
			);
			outputPaths = (
			);
			runOnlyForDeploymentPostprocessing = 0;
			shellPath = /bin/sh;
			shellScript = "# Run the unit tests in this test bundle.\n\"${SYSTEM_DEVELOPER_DIR}/Tools/RunUnitTests\"\n";
		};
/* End PBXShellScriptBuildPhase section */

/* Begin PBXSourcesBuildPhase section */
		84DCFA8E17A75983008594AD /* Sources */ = {
			isa = PBXSourcesBuildPhase;
			buildActionMask = 2147483647;
			files = (
				84DCFAA317A75983008594AD /* main.m in Sources */,
				84DCFAA717A75983008594AD /* AppDelegate.m in Sources */,
				84DCFAD617A75E92008594AD /* MyViewController.m in Sources */,
				84DCFAF917A76800008594AD /* TabViewController.m in Sources */,
				84DCFB2817A79831008594AD /* Content1ViewController.m in Sources */,
				84DCFB2D17A7983A008594AD /* Content2ViewController.m in Sources */,
				84DCFB3917A7AB48008594AD /* ScrollTabViewController.m in Sources */,
				84363A5317A8A14F00B7E3AC /* UIView+UIView_FindAndResignFirstResponder.m in Sources */,
			);
			runOnlyForDeploymentPostprocessing = 0;
		};
		84DCFAAE17A75983008594AD /* Sources */ = {
			isa = PBXSourcesBuildPhase;
			buildActionMask = 2147483647;
			files = (
				84DCFAC217A75984008594AD /* SlideViewTests.m in Sources */,
			);
			runOnlyForDeploymentPostprocessing = 0;
		};
/* End PBXSourcesBuildPhase section */

/* Begin PBXTargetDependency section */
		84DCFAB917A75984008594AD /* PBXTargetDependency */ = {
			isa = PBXTargetDependency;
			target = 84DCFA9117A75983008594AD /* SlideView */;
			targetProxy = 84DCFAB817A75984008594AD /* PBXContainerItemProxy */;
		};
/* End PBXTargetDependency section */

/* Begin PBXVariantGroup section */
		84DCFA9F17A75983008594AD /* InfoPlist.strings */ = {
			isa = PBXVariantGroup;
			children = (
				84DCFAA017A75983008594AD /* en */,
			);
			name = InfoPlist.strings;
			sourceTree = "<group>";
		};
		84DCFABD17A75984008594AD /* InfoPlist.strings */ = {
			isa = PBXVariantGroup;
			children = (
				84DCFABE17A75984008594AD /* en */,
			);
			name = InfoPlist.strings;
			sourceTree = "<group>";
		};
/* End PBXVariantGroup section */

/* Begin XCBuildConfiguration section */
		84DCFAC317A75984008594AD /* Debug */ = {
			isa = XCBuildConfiguration;
			buildSettings = {
				ALWAYS_SEARCH_USER_PATHS = NO;
				CLANG_CXX_LANGUAGE_STANDARD = "gnu++0x";
				CLANG_CXX_LIBRARY = "libc++";
				CLANG_ENABLE_OBJC_ARC = YES;
				CLANG_WARN_EMPTY_BODY = YES;
				CLANG_WARN__DUPLICATE_METHOD_MATCH = YES;
				"CODE_SIGN_IDENTITY[sdk=iphoneos*]" = "iPhone Developer";
				COPY_PHASE_STRIP = NO;
				GCC_C_LANGUAGE_STANDARD = gnu99;
				GCC_DYNAMIC_NO_PIC = NO;
				GCC_OPTIMIZATION_LEVEL = 0;
				GCC_PREPROCESSOR_DEFINITIONS = (
					"DEBUG=1",
					"$(inherited)",
				);
				GCC_SYMBOLS_PRIVATE_EXTERN = NO;
				GCC_WARN_ABOUT_RETURN_TYPE = YES;
				GCC_WARN_UNINITIALIZED_AUTOS = YES;
				GCC_WARN_UNUSED_VARIABLE = YES;
				IPHONEOS_DEPLOYMENT_TARGET = 5.0;
				ONLY_ACTIVE_ARCH = YES;
				SDKROOT = iphoneos;
			};
			name = Debug;
		};
		84DCFAC417A75984008594AD /* Release */ = {
			isa = XCBuildConfiguration;
			buildSettings = {
				ALWAYS_SEARCH_USER_PATHS = NO;
				CLANG_CXX_LANGUAGE_STANDARD = "gnu++0x";
				CLANG_CXX_LIBRARY = "libc++";
				CLANG_ENABLE_OBJC_ARC = YES;
				CLANG_WARN_EMPTY_BODY = YES;
				CLANG_WARN__DUPLICATE_METHOD_MATCH = YES;
				"CODE_SIGN_IDENTITY[sdk=iphoneos*]" = "iPhone Developer";
				COPY_PHASE_STRIP = YES;
				GCC_C_LANGUAGE_STANDARD = gnu99;
				GCC_WARN_ABOUT_RETURN_TYPE = YES;
				GCC_WARN_UNINITIALIZED_AUTOS = YES;
				GCC_WARN_UNUSED_VARIABLE = YES;
				IPHONEOS_DEPLOYMENT_TARGET = 5.0;
				OTHER_CFLAGS = "-DNS_BLOCK_ASSERTIONS=1";
				SDKROOT = iphoneos;
				VALIDATE_PRODUCT = YES;
			};
			name = Release;
		};
		84DCFAC617A75984008594AD /* Debug */ = {
			isa = XCBuildConfiguration;
			buildSettings = {
				GCC_PRECOMPILE_PREFIX_HEADER = YES;
				GCC_PREFIX_HEADER = "SlideView/SlideView-Prefix.pch";
				INFOPLIST_FILE = "SlideView/SlideView-Info.plist";
				PRODUCT_NAME = "$(TARGET_NAME)";
				WRAPPER_EXTENSION = app;
			};
			name = Debug;
		};
		84DCFAC717A75984008594AD /* Release */ = {
			isa = XCBuildConfiguration;
			buildSettings = {
				GCC_PRECOMPILE_PREFIX_HEADER = YES;
				GCC_PREFIX_HEADER = "SlideView/SlideView-Prefix.pch";
				INFOPLIST_FILE = "SlideView/SlideView-Info.plist";
				PRODUCT_NAME = "$(TARGET_NAME)";
				WRAPPER_EXTENSION = app;
			};
			name = Release;
		};
		84DCFAC917A75984008594AD /* Debug */ = {
			isa = XCBuildConfiguration;
			buildSettings = {
				BUNDLE_LOADER = "$(BUILT_PRODUCTS_DIR)/SlideView.app/SlideView";
				FRAMEWORK_SEARCH_PATHS = (
					"\"$(SDKROOT)/Developer/Library/Frameworks\"",
					"\"$(DEVELOPER_LIBRARY_DIR)/Frameworks\"",
				);
				GCC_PRECOMPILE_PREFIX_HEADER = YES;
				GCC_PREFIX_HEADER = "SlideView/SlideView-Prefix.pch";
				INFOPLIST_FILE = "SlideViewTests/SlideViewTests-Info.plist";
				PRODUCT_NAME = "$(TARGET_NAME)";
				TEST_HOST = "$(BUNDLE_LOADER)";
				WRAPPER_EXTENSION = octest;
			};
			name = Debug;
		};
		84DCFACA17A75984008594AD /* Release */ = {
			isa = XCBuildConfiguration;
			buildSettings = {
				BUNDLE_LOADER = "$(BUILT_PRODUCTS_DIR)/SlideView.app/SlideView";
				FRAMEWORK_SEARCH_PATHS = (
					"\"$(SDKROOT)/Developer/Library/Frameworks\"",
					"\"$(DEVELOPER_LIBRARY_DIR)/Frameworks\"",
				);
				GCC_PRECOMPILE_PREFIX_HEADER = YES;
				GCC_PREFIX_HEADER = "SlideView/SlideView-Prefix.pch";
				INFOPLIST_FILE = "SlideViewTests/SlideViewTests-Info.plist";
				PRODUCT_NAME = "$(TARGET_NAME)";
				TEST_HOST = "$(BUNDLE_LOADER)";
				WRAPPER_EXTENSION = octest;
			};
			name = Release;
		};
/* End XCBuildConfiguration section */

/* Begin XCConfigurationList section */
		84DCFA8C17A75983008594AD /* Build configuration list for PBXProject "SlideView" */ = {
			isa = XCConfigurationList;
			buildConfigurations = (
				84DCFAC317A75984008594AD /* Debug */,
				84DCFAC417A75984008594AD /* Release */,
			);
			defaultConfigurationIsVisible = 0;
			defaultConfigurationName = Release;
		};
		84DCFAC517A75984008594AD /* Build configuration list for PBXNativeTarget "SlideView" */ = {
			isa = XCConfigurationList;
			buildConfigurations = (
				84DCFAC617A75984008594AD /* Debug */,
				84DCFAC717A75984008594AD /* Release */,
			);
			defaultConfigurationIsVisible = 0;
			defaultConfigurationName = Release;
		};
		84DCFAC817A75984008594AD /* Build configuration list for PBXNativeTarget "SlideViewTests" */ = {
			isa = XCConfigurationList;
			buildConfigurations = (
				84DCFAC917A75984008594AD /* Debug */,
				84DCFACA17A75984008594AD /* Release */,
			);
			defaultConfigurationIsVisible = 0;
			defaultConfigurationName = Release;
		};
/* End XCConfigurationList section */
	};
	rootObject = 84DCFA8917A75983008594AD /* Project object */;
}
